
Microsoft Visual Studio Solution File, Format Version 12.00
# Visual Studio Version 17
VisualStudioVersion = 17.11.35208.52
MinimumVisualStudioVersion = 10.0.40219.1
Project("{9A19103F-16F7-4668-BE54-9A1E7A4F7556}") = "MediAssist.UI", "MediAssist.UI\MediAssist.UI.csproj", "{4D85EEA9-5620-4B6F-B05F-74F3D15B76DD}"
EndProject
Project("{2150E333-8FDC-42A3-9474-1A3956D46DE8}") = "1Presentation", "1Presentation", "{DA6CFD93-B209-40C7-B9C6-8684D500179B}"
EndProject
Project("{2150E333-8FDC-42A3-9474-1A3956D46DE8}") = "2Application", "2Application", "{198E151D-33E4-4D2A-B78E-7101E3BE8E16}"
EndProject
Project("{2150E333-8FDC-42A3-9474-1A3956D46DE8}") = "3DataAccess", "3DataAccess", "{017F8CC8-7BE9-4EC5-8A83-91755888F697}"
EndProject
Project("{2150E333-8FDC-42A3-9474-1A3956D46DE8}") = "4Infrastructure", "4Infrastructure", "{41D1C0A6-1795-47C5-8032-B6590792B8C9}"
EndProject
Project("{9A19103F-16F7-4668-BE54-9A1E7A4F7556}") = "MediAssist.API", "MediAssist.API\MediAssist.API.csproj", "{BA3B518C-6A99-4BB6-930D-5D35B79B80D6}"
EndProject
Project("{9A19103F-16F7-4668-BE54-9A1E7A4F7556}") = "MediAssist.Application", "MediAssist.Application\MediAssist.Application.csproj", "{2882EF7E-3AAD-4D5A-BE1E-E0E6230DB9A0}"
EndProject
Project("{9A19103F-16F7-4668-BE54-9A1E7A4F7556}") = "MediAssist.DataAccess", "MediAssist.DataAccess\MediAssist.DataAccess.csproj", "{D7ADDEBB-BE52-4846-A56A-A1B8875A874A}"
EndProject
Project("{9A19103F-16F7-4668-BE54-9A1E7A4F7556}") = "MediAssist.Configurations", "MediAssist.Configurations\MediAssist.Configurations.csproj", "{4D4FF693-89B8-4702-9AFF-3386AAC222CC}"
EndProject
Project("{9A19103F-16F7-4668-BE54-9A1E7A4F7556}") = "MediAssist.Dependency", "MediAssist.Dependency\MediAssist.Dependency.csproj", "{8578A3EF-CF02-47FB-928A-5D14C0207BFF}"
EndProject
Project("{FAE04EC0-301F-11D3-BF4B-00C04F79EFBC}") = "MediAssist.Infrastructure.Abstract", "MediAssist.Infrastructure.Abstract\MediAssist.Infrastructure.Abstract.csproj", "{150B442A-805B-40BE-9352-6C3B2E616256}"
EndProject
Project("{FAE04EC0-301F-11D3-BF4B-00C04F79EFBC}") = "MediAssist.Application.Abstract", "MediAssist.Application.Abstract\MediAssist.Application.Abstract.csproj", "{122F07E7-A4C2-4EF4-8797-6A4B342C95C3}"
EndProject
Global
	GlobalSection(SolutionConfigurationPlatforms) = preSolution
		Debug|Any CPU = Debug|Any CPU
		Release|Any CPU = Release|Any CPU
	EndGlobalSection
	GlobalSection(ProjectConfigurationPlatforms) = postSolution
		{4D85EEA9-5620-4B6F-B05F-74F3D15B76DD}.Debug|Any CPU.ActiveCfg = Debug|Any CPU
		{4D85EEA9-5620-4B6F-B05F-74F3D15B76DD}.Debug|Any CPU.Build.0 = Debug|Any CPU
		{4D85EEA9-5620-4B6F-B05F-74F3D15B76DD}.Release|Any CPU.ActiveCfg = Release|Any CPU
		{4D85EEA9-5620-4B6F-B05F-74F3D15B76DD}.Release|Any CPU.Build.0 = Release|Any CPU
		{BA3B518C-6A99-4BB6-930D-5D35B79B80D6}.Debug|Any CPU.ActiveCfg = Debug|Any CPU
		{BA3B518C-6A99-4BB6-930D-5D35B79B80D6}.Debug|Any CPU.Build.0 = Debug|Any CPU
		{BA3B518C-6A99-4BB6-930D-5D35B79B80D6}.Release|Any CPU.ActiveCfg = Release|Any CPU
		{BA3B518C-6A99-4BB6-930D-5D35B79B80D6}.Release|Any CPU.Build.0 = Release|Any CPU
		{2882EF7E-3AAD-4D5A-BE1E-E0E6230DB9A0}.Debug|Any CPU.ActiveCfg = Debug|Any CPU
		{2882EF7E-3AAD-4D5A-BE1E-E0E6230DB9A0}.Debug|Any CPU.Build.0 = Debug|Any CPU
		{2882EF7E-3AAD-4D5A-BE1E-E0E6230DB9A0}.Release|Any CPU.ActiveCfg = Release|Any CPU
		{2882EF7E-3AAD-4D5A-BE1E-E0E6230DB9A0}.Release|Any CPU.Build.0 = Release|Any CPU
		{D7ADDEBB-BE52-4846-A56A-A1B8875A874A}.Debug|Any CPU.ActiveCfg = Debug|Any CPU
		{D7ADDEBB-BE52-4846-A56A-A1B8875A874A}.Debug|Any CPU.Build.0 = Debug|Any CPU
		{D7ADDEBB-BE52-4846-A56A-A1B8875A874A}.Release|Any CPU.ActiveCfg = Release|Any CPU
		{D7ADDEBB-BE52-4846-A56A-A1B8875A874A}.Release|Any CPU.Build.0 = Release|Any CPU
		{4D4FF693-89B8-4702-9AFF-3386AAC222CC}.Debug|Any CPU.ActiveCfg = Debug|Any CPU
		{4D4FF693-89B8-4702-9AFF-3386AAC222CC}.Debug|Any CPU.Build.0 = Debug|Any CPU
		{4D4FF693-89B8-4702-9AFF-3386AAC222CC}.Release|Any CPU.ActiveCfg = Release|Any CPU
		{4D4FF693-89B8-4702-9AFF-3386AAC222CC}.Release|Any CPU.Build.0 = Release|Any CPU
		{8578A3EF-CF02-47FB-928A-5D14C0207BFF}.Debug|Any CPU.ActiveCfg = Debug|Any CPU
		{8578A3EF-CF02-47FB-928A-5D14C0207BFF}.Debug|Any CPU.Build.0 = Debug|Any CPU
		{8578A3EF-CF02-47FB-928A-5D14C0207BFF}.Release|Any CPU.ActiveCfg = Release|Any CPU
		{8578A3EF-CF02-47FB-928A-5D14C0207BFF}.Release|Any CPU.Build.0 = Release|Any CPU
		{150B442A-805B-40BE-9352-6C3B2E616256}.Debug|Any CPU.ActiveCfg = Debug|Any CPU
		{150B442A-805B-40BE-9352-6C3B2E616256}.Debug|Any CPU.Build.0 = Debug|Any CPU
		{150B442A-805B-40BE-9352-6C3B2E616256}.Release|Any CPU.ActiveCfg = Release|Any CPU
		{150B442A-805B-40BE-9352-6C3B2E616256}.Release|Any CPU.Build.0 = Release|Any CPU
		{122F07E7-A4C2-4EF4-8797-6A4B342C95C3}.Debug|Any CPU.ActiveCfg = Debug|Any CPU
		{122F07E7-A4C2-4EF4-8797-6A4B342C95C3}.Debug|Any CPU.Build.0 = Debug|Any CPU
		{122F07E7-A4C2-4EF4-8797-6A4B342C95C3}.Release|Any CPU.ActiveCfg = Release|Any CPU
		{122F07E7-A4C2-4EF4-8797-6A4B342C95C3}.Release|Any CPU.Build.0 = Release|Any CPU
	EndGlobalSection
	GlobalSection(SolutionProperties) = preSolution
		HideSolutionNode = FALSE
	EndGlobalSection
	GlobalSection(NestedProjects) = preSolution
		{4D85EEA9-5620-4B6F-B05F-74F3D15B76DD} = {DA6CFD93-B209-40C7-B9C6-8684D500179B}
		{BA3B518C-6A99-4BB6-930D-5D35B79B80D6} = {DA6CFD93-B209-40C7-B9C6-8684D500179B}
		{2882EF7E-3AAD-4D5A-BE1E-E0E6230DB9A0} = {198E151D-33E4-4D2A-B78E-7101E3BE8E16}
		{D7ADDEBB-BE52-4846-A56A-A1B8875A874A} = {017F8CC8-7BE9-4EC5-8A83-91755888F697}
		{4D4FF693-89B8-4702-9AFF-3386AAC222CC} = {41D1C0A6-1795-47C5-8032-B6590792B8C9}
		{8578A3EF-CF02-47FB-928A-5D14C0207BFF} = {41D1C0A6-1795-47C5-8032-B6590792B8C9}
		{150B442A-805B-40BE-9352-6C3B2E616256} = {41D1C0A6-1795-47C5-8032-B6590792B8C9}
		{122F07E7-A4C2-4EF4-8797-6A4B342C95C3} = {198E151D-33E4-4D2A-B78E-7101E3BE8E16}
	EndGlobalSection
	GlobalSection(ExtensibilityGlobals) = postSolution
		SolutionGuid = {781C0908-B7F3-45B0-B4B1-70B1326DC309}
	EndGlobalSection
EndGlobal
